
Microsoft Visual Studio Solution File, Format Version 12.00
# Visual Studio Version 17
VisualStudioVersion = 17.11.35312.102
MinimumVisualStudioVersion = 10.0.40219.1
Project("{FAE04EC0-301F-11D3-BF4B-00C04F79EFBC}") = "CurriculosWeb", "CurriculosWeb.csproj", "{928BA1D8-68F4-42E2-BB0A-F0CF2216879B}"
EndProject
Global
	GlobalSection(SolutionConfigurationPlatforms) = preSolution
		Debug|Any CPU = Debug|Any CPU
		Release|Any CPU = Release|Any CPU
	EndGlobalSection
	GlobalSection(ProjectConfigurationPlatforms) = postSolution
		{928BA1D8-68F4-42E2-BB0A-F0CF2216879B}.Debug|Any CPU.ActiveCfg = Debug|Any CPU
		{928BA1D8-68F4-42E2-BB0A-F0CF2216879B}.Debug|Any CPU.Build.0 = Debug|Any CPU
		{928BA1D8-68F4-42E2-BB0A-F0CF2216879B}.Release|Any CPU.ActiveCfg = Release|Any CPU
		{928BA1D8-68F4-42E2-BB0A-F0CF2216879B}.Release|Any CPU.Build.0 = Release|Any CPU
	EndGlobalSection
	GlobalSection(SolutionProperties) = preSolution
		HideSolutionNode = FALSE
	EndGlobalSection
	GlobalSection(ExtensibilityGlobals) = postSolution
		SolutionGuid = {26452C77-AE9E-4CAC-BE17-28AAF6A0640D}
	EndGlobalSection
EndGlobal
